
Microsoft Visual Studio Solution File, Format Version 12.00
# Visual Studio 15
VisualStudioVersion = 15.0.26730.12
MinimumVisualStudioVersion = 10.0.40219.1
Project("{FAE04EC0-301F-11D3-BF4B-00C04F79EFBC}") = "Kartenspiel", "Kartenspiel\Kartenspiel.csproj", "{2E332EB0-82A3-435E-BEA3-454D6BFEF5A7}"
EndProject
Project("{FAE04EC0-301F-11D3-BF4B-00C04F79EFBC}") = "KartenspielTests", "KartenspielTests\KartenspielTests.csproj", "{3C61DDB1-D589-4556-BB1E-BE295ABD434D}"
EndProject
Project("{FAE04EC0-301F-11D3-BF4B-00C04F79EFBC}") = "KartenspielWPF", "KartenspielWPF\KartenspielWPF.csproj", "{5F1A0F16-86B1-4DC8-B63D-90D4E2A229BB}"
EndProject
Project("{FAE04EC0-301F-11D3-BF4B-00C04F79EFBC}") = "Ui.Desktop", "Ui.Desktop\Ui.Desktop.csproj", "{0D57D178-8EEE-4752-AED6-05333867FDB2}"
EndProject
Global
	GlobalSection(SolutionConfigurationPlatforms) = preSolution
		Debug|Any CPU = Debug|Any CPU
		Release|Any CPU = Release|Any CPU
	EndGlobalSection
	GlobalSection(ProjectConfigurationPlatforms) = postSolution
		{2E332EB0-82A3-435E-BEA3-454D6BFEF5A7}.Debug|Any CPU.ActiveCfg = Debug|Any CPU
		{2E332EB0-82A3-435E-BEA3-454D6BFEF5A7}.Debug|Any CPU.Build.0 = Debug|Any CPU
		{2E332EB0-82A3-435E-BEA3-454D6BFEF5A7}.Release|Any CPU.ActiveCfg = Release|Any CPU
		{2E332EB0-82A3-435E-BEA3-454D6BFEF5A7}.Release|Any CPU.Build.0 = Release|Any CPU
		{3C61DDB1-D589-4556-BB1E-BE295ABD434D}.Debug|Any CPU.ActiveCfg = Debug|Any CPU
		{3C61DDB1-D589-4556-BB1E-BE295ABD434D}.Debug|Any CPU.Build.0 = Debug|Any CPU
		{3C61DDB1-D589-4556-BB1E-BE295ABD434D}.Release|Any CPU.ActiveCfg = Release|Any CPU
		{3C61DDB1-D589-4556-BB1E-BE295ABD434D}.Release|Any CPU.Build.0 = Release|Any CPU
		{5F1A0F16-86B1-4DC8-B63D-90D4E2A229BB}.Debug|Any CPU.ActiveCfg = Debug|Any CPU
		{5F1A0F16-86B1-4DC8-B63D-90D4E2A229BB}.Debug|Any CPU.Build.0 = Debug|Any CPU
		{5F1A0F16-86B1-4DC8-B63D-90D4E2A229BB}.Release|Any CPU.ActiveCfg = Release|Any CPU
		{5F1A0F16-86B1-4DC8-B63D-90D4E2A229BB}.Release|Any CPU.Build.0 = Release|Any CPU
		{0D57D178-8EEE-4752-AED6-05333867FDB2}.Debug|Any CPU.ActiveCfg = Debug|Any CPU
		{0D57D178-8EEE-4752-AED6-05333867FDB2}.Debug|Any CPU.Build.0 = Debug|Any CPU
		{0D57D178-8EEE-4752-AED6-05333867FDB2}.Release|Any CPU.ActiveCfg = Release|Any CPU
		{0D57D178-8EEE-4752-AED6-05333867FDB2}.Release|Any CPU.Build.0 = Release|Any CPU
	EndGlobalSection
	GlobalSection(SolutionProperties) = preSolution
		HideSolutionNode = FALSE
	EndGlobalSection
	GlobalSection(ExtensibilityGlobals) = postSolution
		SolutionGuid = {FE6A8D52-60DC-46C2-A217-2D2D93EDEB04}
	EndGlobalSection
EndGlobal
